
Microsoft Visual Studio Solution File, Format Version 12.00
# Visual Studio 15
VisualStudioVersion = 15.0.28307.1082
MinimumVisualStudioVersion = 10.0.40219.1
Project("{FAE04EC0-301F-11D3-BF4B-00C04F79EFBC}") = "Patch_Installation_tool", "Patch_Installation_tool.csproj", "{4D7FFF79-45D5-4C15-932C-944DC76BD804}"
EndProject
Global
	GlobalSection(SolutionConfigurationPlatforms) = preSolution
		Debug|Any CPU = Debug|Any CPU
		Release|Any CPU = Release|Any CPU
	EndGlobalSection
	GlobalSection(ProjectConfigurationPlatforms) = postSolution
		{4D7FFF79-45D5-4C15-932C-944DC76BD804}.Debug|Any CPU.ActiveCfg = Debug|Any CPU
		{4D7FFF79-45D5-4C15-932C-944DC76BD804}.Debug|Any CPU.Build.0 = Debug|Any CPU
		{4D7FFF79-45D5-4C15-932C-944DC76BD804}.Release|Any CPU.ActiveCfg = Release|Any CPU
		{4D7FFF79-45D5-4C15-932C-944DC76BD804}.Release|Any CPU.Build.0 = Release|Any CPU
	EndGlobalSection
	GlobalSection(SolutionProperties) = preSolution
		HideSolutionNode = FALSE
	EndGlobalSection
	GlobalSection(ExtensibilityGlobals) = postSolution
		SolutionGuid = {BC7A0E90-767C-436B-B927-8833CDDADB4B}
	EndGlobalSection
EndGlobal
